
Microsoft Visual Studio Solution File, Format Version 12.00
# Visual Studio 15
VisualStudioVersion = 15.0.28307.757
MinimumVisualStudioVersion = 10.0.40219.1
Project("{FAE04EC0-301F-11D3-BF4B-00C04F79EFBC}") = "Sales.Android", "Sales\Sales.Android\Sales.Android.csproj", "{8758AEE6-2F18-4E0F-8688-A85F795E7407}"
EndProject
Project("{FAE04EC0-301F-11D3-BF4B-00C04F79EFBC}") = "Sales.iOS", "Sales\Sales.iOS\Sales.iOS.csproj", "{DB1FAA1F-4566-4B0D-88B2-FD2A7EDB5A8F}"
EndProject
Project("{FAE04EC0-301F-11D3-BF4B-00C04F79EFBC}") = "Sales", "Sales\Sales\Sales.csproj", "{A506D6FF-E8B6-455A-B4B5-C90EEE6F96C8}"
EndProject
Project("{FAE04EC0-301F-11D3-BF4B-00C04F79EFBC}") = "Sales.backend", "Sales.backend\Sales.backend.csproj", "{C71F875A-A71A-4805-BFE7-9D60AD797F1F}"
EndProject
Project("{FAE04EC0-301F-11D3-BF4B-00C04F79EFBC}") = "Sales.API", "Sales.API\Sales.API.csproj", "{E23B3DE7-580D-4FDF-A68E-61E3CFEB1B7B}"
EndProject
Project("{FAE04EC0-301F-11D3-BF4B-00C04F79EFBC}") = "Sales.Domain", "Sales.Domain\Sales.Domain.csproj", "{6822F41F-6583-401A-987A-45C8359D21B1}"
EndProject
Project("{FAE04EC0-301F-11D3-BF4B-00C04F79EFBC}") = "Sales.Common", "Sales.Common\Sales.Common.csproj", "{E92CB79F-FA8B-4939-BE0A-A44B37665EF0}"
EndProject
Global
	GlobalSection(SolutionConfigurationPlatforms) = preSolution
		Ad-Hoc|Any CPU = Ad-Hoc|Any CPU
		Ad-Hoc|iPhone = Ad-Hoc|iPhone
		Ad-Hoc|iPhoneSimulator = Ad-Hoc|iPhoneSimulator
		AppStore|Any CPU = AppStore|Any CPU
		AppStore|iPhone = AppStore|iPhone
		AppStore|iPhoneSimulator = AppStore|iPhoneSimulator
		Debug|Any CPU = Debug|Any CPU
		Debug|iPhone = Debug|iPhone
		Debug|iPhoneSimulator = Debug|iPhoneSimulator
		Release|Any CPU = Release|Any CPU
		Release|iPhone = Release|iPhone
		Release|iPhoneSimulator = Release|iPhoneSimulator
	EndGlobalSection
	GlobalSection(ProjectConfigurationPlatforms) = postSolution
		{8758AEE6-2F18-4E0F-8688-A85F795E7407}.Ad-Hoc|Any CPU.ActiveCfg = Release|Any CPU
		{8758AEE6-2F18-4E0F-8688-A85F795E7407}.Ad-Hoc|Any CPU.Build.0 = Release|Any CPU
		{8758AEE6-2F18-4E0F-8688-A85F795E7407}.Ad-Hoc|Any CPU.Deploy.0 = Release|Any CPU
		{8758AEE6-2F18-4E0F-8688-A85F795E7407}.Ad-Hoc|iPhone.ActiveCfg = Release|Any CPU
		{8758AEE6-2F18-4E0F-8688-A85F795E7407}.Ad-Hoc|iPhone.Build.0 = Release|Any CPU
		{8758AEE6-2F18-4E0F-8688-A85F795E7407}.Ad-Hoc|iPhone.Deploy.0 = Release|Any CPU
		{8758AEE6-2F18-4E0F-8688-A85F795E7407}.Ad-Hoc|iPhoneSimulator.ActiveCfg = Release|Any CPU
		{8758AEE6-2F18-4E0F-8688-A85F795E7407}.Ad-Hoc|iPhoneSimulator.Build.0 = Release|Any CPU
		{8758AEE6-2F18-4E0F-8688-A85F795E7407}.Ad-Hoc|iPhoneSimulator.Deploy.0 = Release|Any CPU
		{8758AEE6-2F18-4E0F-8688-A85F795E7407}.AppStore|Any CPU.ActiveCfg = Release|Any CPU
		{8758AEE6-2F18-4E0F-8688-A85F795E7407}.AppStore|Any CPU.Build.0 = Release|Any CPU
		{8758AEE6-2F18-4E0F-8688-A85F795E7407}.AppStore|Any CPU.Deploy.0 = Release|Any CPU
		{8758AEE6-2F18-4E0F-8688-A85F795E7407}.AppStore|iPhone.ActiveCfg = Release|Any CPU
		{8758AEE6-2F18-4E0F-8688-A85F795E7407}.AppStore|iPhone.Build.0 = Release|Any CPU
		{8758AEE6-2F18-4E0F-8688-A85F795E7407}.AppStore|iPhone.Deploy.0 = Release|Any CPU
		{8758AEE6-2F18-4E0F-8688-A85F795E7407}.AppStore|iPhoneSimulator.ActiveCfg = Release|Any CPU
		{8758AEE6-2F18-4E0F-8688-A85F795E7407}.AppStore|iPhoneSimulator.Build.0 = Release|Any CPU
		{8758AEE6-2F18-4E0F-8688-A85F795E7407}.AppStore|iPhoneSimulator.Deploy.0 = Release|Any CPU
		{8758AEE6-2F18-4E0F-8688-A85F795E7407}.Debug|Any CPU.ActiveCfg = Debug|Any CPU
		{8758AEE6-2F18-4E0F-8688-A85F795E7407}.Debug|Any CPU.Build.0 = Debug|Any CPU
		{8758AEE6-2F18-4E0F-8688-A85F795E7407}.Debug|Any CPU.Deploy.0 = Debug|Any CPU
		{8758AEE6-2F18-4E0F-8688-A85F795E7407}.Debug|iPhone.ActiveCfg = Debug|Any CPU
		{8758AEE6-2F18-4E0F-8688-A85F795E7407}.Debug|iPhone.Build.0 = Debug|Any CPU
		{8758AEE6-2F18-4E0F-8688-A85F795E7407}.Debug|iPhone.Deploy.0 = Debug|Any CPU
		{8758AEE6-2F18-4E0F-8688-A85F795E7407}.Debug|iPhoneSimulator.ActiveCfg = Debug|Any CPU
		{8758AEE6-2F18-4E0F-8688-A85F795E7407}.Debug|iPhoneSimulator.Build.0 = Debug|Any CPU
		{8758AEE6-2F18-4E0F-8688-A85F795E7407}.Debug|iPhoneSimulator.Deploy.0 = Debug|Any CPU
		{8758AEE6-2F18-4E0F-8688-A85F795E7407}.Release|Any CPU.ActiveCfg = Release|Any CPU
		{8758AEE6-2F18-4E0F-8688-A85F795E7407}.Release|Any CPU.Build.0 = Release|Any CPU
		{8758AEE6-2F18-4E0F-8688-A85F795E7407}.Release|Any CPU.Deploy.0 = Release|Any CPU
		{8758AEE6-2F18-4E0F-8688-A85F795E7407}.Release|iPhone.ActiveCfg = Release|Any CPU
		{8758AEE6-2F18-4E0F-8688-A85F795E7407}.Release|iPhone.Build.0 = Release|Any CPU
		{8758AEE6-2F18-4E0F-8688-A85F795E7407}.Release|iPhone.Deploy.0 = Release|Any CPU
		{8758AEE6-2F18-4E0F-8688-A85F795E7407}.Release|iPhoneSimulator.ActiveCfg = Release|Any CPU
		{8758AEE6-2F18-4E0F-8688-A85F795E7407}.Release|iPhoneSimulator.Build.0 = Release|Any CPU
		{8758AEE6-2F18-4E0F-8688-A85F795E7407}.Release|iPhoneSimulator.Deploy.0 = Release|Any CPU
		{DB1FAA1F-4566-4B0D-88B2-FD2A7EDB5A8F}.Ad-Hoc|Any CPU.ActiveCfg = Ad-Hoc|iPhone
		{DB1FAA1F-4566-4B0D-88B2-FD2A7EDB5A8F}.Ad-Hoc|Any CPU.Build.0 = Ad-Hoc|iPhone
		{DB1FAA1F-4566-4B0D-88B2-FD2A7EDB5A8F}.Ad-Hoc|Any CPU.Deploy.0 = Ad-Hoc|iPhone
		{DB1FAA1F-4566-4B0D-88B2-FD2A7EDB5A8F}.Ad-Hoc|iPhone.ActiveCfg = Ad-Hoc|iPhone
		{DB1FAA1F-4566-4B0D-88B2-FD2A7EDB5A8F}.Ad-Hoc|iPhone.Build.0 = Ad-Hoc|iPhone
		{DB1FAA1F-4566-4B0D-88B2-FD2A7EDB5A8F}.Ad-Hoc|iPhone.Deploy.0 = Ad-Hoc|iPhone
		{DB1FAA1F-4566-4B0D-88B2-FD2A7EDB5A8F}.Ad-Hoc|iPhoneSimulator.ActiveCfg = Ad-Hoc|iPhoneSimulator
		{DB1FAA1F-4566-4B0D-88B2-FD2A7EDB5A8F}.Ad-Hoc|iPhoneSimulator.Build.0 = Ad-Hoc|iPhoneSimulator
		{DB1FAA1F-4566-4B0D-88B2-FD2A7EDB5A8F}.Ad-Hoc|iPhoneSimulator.Deploy.0 = Ad-Hoc|iPhoneSimulator
		{DB1FAA1F-4566-4B0D-88B2-FD2A7EDB5A8F}.AppStore|Any CPU.ActiveCfg = AppStore|iPhone
		{DB1FAA1F-4566-4B0D-88B2-FD2A7EDB5A8F}.AppStore|Any CPU.Build.0 = AppStore|iPhone
		{DB1FAA1F-4566-4B0D-88B2-FD2A7EDB5A8F}.AppStore|Any CPU.Deploy.0 = AppStore|iPhone
		{DB1FAA1F-4566-4B0D-88B2-FD2A7EDB5A8F}.AppStore|iPhone.ActiveCfg = AppStore|iPhone
		{DB1FAA1F-4566-4B0D-88B2-FD2A7EDB5A8F}.AppStore|iPhone.Build.0 = AppStore|iPhone
		{DB1FAA1F-4566-4B0D-88B2-FD2A7EDB5A8F}.AppStore|iPhone.Deploy.0 = AppStore|iPhone
		{DB1FAA1F-4566-4B0D-88B2-FD2A7EDB5A8F}.AppStore|iPhoneSimulator.ActiveCfg = AppStore|iPhoneSimulator
		{DB1FAA1F-4566-4B0D-88B2-FD2A7EDB5A8F}.AppStore|iPhoneSimulator.Build.0 = AppStore|iPhoneSimulator
		{DB1FAA1F-4566-4B0D-88B2-FD2A7EDB5A8F}.AppStore|iPhoneSimulator.Deploy.0 = AppStore|iPhoneSimulator
		{DB1FAA1F-4566-4B0D-88B2-FD2A7EDB5A8F}.Debug|Any CPU.ActiveCfg = Debug|iPhoneSimulator
		{DB1FAA1F-4566-4B0D-88B2-FD2A7EDB5A8F}.Debug|Any CPU.Build.0 = Debug|iPhoneSimulator
		{DB1FAA1F-4566-4B0D-88B2-FD2A7EDB5A8F}.Debug|Any CPU.Deploy.0 = Debug|iPhoneSimulator
		{DB1FAA1F-4566-4B0D-88B2-FD2A7EDB5A8F}.Debug|iPhone.ActiveCfg = Debug|iPhone
		{DB1FAA1F-4566-4B0D-88B2-FD2A7EDB5A8F}.Debug|iPhone.Build.0 = Debug|iPhone
		{DB1FAA1F-4566-4B0D-88B2-FD2A7EDB5A8F}.Debug|iPhone.Deploy.0 = Debug|iPhone
		{DB1FAA1F-4566-4B0D-88B2-FD2A7EDB5A8F}.Debug|iPhoneSimulator.ActiveCfg = Debug|iPhoneSimulator
		{DB1FAA1F-4566-4B0D-88B2-FD2A7EDB5A8F}.Debug|iPhoneSimulator.Build.0 = Debug|iPhoneSimulator
		{DB1FAA1F-4566-4B0D-88B2-FD2A7EDB5A8F}.Debug|iPhoneSimulator.Deploy.0 = Debug|iPhoneSimulator
		{DB1FAA1F-4566-4B0D-88B2-FD2A7EDB5A8F}.Release|Any CPU.ActiveCfg = Release|iPhone
		{DB1FAA1F-4566-4B0D-88B2-FD2A7EDB5A8F}.Release|Any CPU.Build.0 = Release|iPhone
		{DB1FAA1F-4566-4B0D-88B2-FD2A7EDB5A8F}.Release|Any CPU.Deploy.0 = Release|iPhone
		{DB1FAA1F-4566-4B0D-88B2-FD2A7EDB5A8F}.Release|iPhone.ActiveCfg = Release|iPhone
		{DB1FAA1F-4566-4B0D-88B2-FD2A7EDB5A8F}.Release|iPhone.Build.0 = Release|iPhone
		{DB1FAA1F-4566-4B0D-88B2-FD2A7EDB5A8F}.Release|iPhone.Deploy.0 = Release|iPhone
		{DB1FAA1F-4566-4B0D-88B2-FD2A7EDB5A8F}.Release|iPhoneSimulator.ActiveCfg = Release|iPhoneSimulator
		{DB1FAA1F-4566-4B0D-88B2-FD2A7EDB5A8F}.Release|iPhoneSimulator.Build.0 = Release|iPhoneSimulator
		{DB1FAA1F-4566-4B0D-88B2-FD2A7EDB5A8F}.Release|iPhoneSimulator.Deploy.0 = Release|iPhoneSimulator
		{A506D6FF-E8B6-455A-B4B5-C90EEE6F96C8}.Ad-Hoc|Any CPU.ActiveCfg = Debug|Any CPU
		{A506D6FF-E8B6-455A-B4B5-C90EEE6F96C8}.Ad-Hoc|Any CPU.Build.0 = Debug|Any CPU
		{A506D6FF-E8B6-455A-B4B5-C90EEE6F96C8}.Ad-Hoc|Any CPU.Deploy.0 = Debug|Any CPU
		{A506D6FF-E8B6-455A-B4B5-C90EEE6F96C8}.Ad-Hoc|iPhone.ActiveCfg = Debug|Any CPU
		{A506D6FF-E8B6-455A-B4B5-C90EEE6F96C8}.Ad-Hoc|iPhone.Build.0 = Debug|Any CPU
		{A506D6FF-E8B6-455A-B4B5-C90EEE6F96C8}.Ad-Hoc|iPhone.Deploy.0 = Debug|Any CPU
		{A506D6FF-E8B6-455A-B4B5-C90EEE6F96C8}.Ad-Hoc|iPhoneSimulator.ActiveCfg = Debug|Any CPU
		{A506D6FF-E8B6-455A-B4B5-C90EEE6F96C8}.Ad-Hoc|iPhoneSimulator.Build.0 = Debug|Any CPU
		{A506D6FF-E8B6-455A-B4B5-C90EEE6F96C8}.Ad-Hoc|iPhoneSimulator.Deploy.0 = Debug|Any CPU
		{A506D6FF-E8B6-455A-B4B5-C90EEE6F96C8}.AppStore|Any CPU.ActiveCfg = Debug|Any CPU
		{A506D6FF-E8B6-455A-B4B5-C90EEE6F96C8}.AppStore|Any CPU.Build.0 = Debug|Any CPU
		{A506D6FF-E8B6-455A-B4B5-C90EEE6F96C8}.AppStore|Any CPU.Deploy.0 = Debug|Any CPU
		{A506D6FF-E8B6-455A-B4B5-C90EEE6F96C8}.AppStore|iPhone.ActiveCfg = Debug|Any CPU
		{A506D6FF-E8B6-455A-B4B5-C90EEE6F96C8}.AppStore|iPhone.Build.0 = Debug|Any CPU
		{A506D6FF-E8B6-455A-B4B5-C90EEE6F96C8}.AppStore|iPhone.Deploy.0 = Debug|Any CPU
		{A506D6FF-E8B6-455A-B4B5-C90EEE6F96C8}.AppStore|iPhoneSimulator.ActiveCfg = Debug|Any CPU
		{A506D6FF-E8B6-455A-B4B5-C90EEE6F96C8}.AppStore|iPhoneSimulator.Build.0 = Debug|Any CPU
		{A506D6FF-E8B6-455A-B4B5-C90EEE6F96C8}.AppStore|iPhoneSimulator.Deploy.0 = Debug|Any CPU
		{A506D6FF-E8B6-455A-B4B5-C90EEE6F96C8}.Debug|Any CPU.ActiveCfg = Debug|Any CPU
		{A506D6FF-E8B6-455A-B4B5-C90EEE6F96C8}.Debug|Any CPU.Build.0 = Debug|Any CPU
		{A506D6FF-E8B6-455A-B4B5-C90EEE6F96C8}.Debug|Any CPU.Deploy.0 = Debug|Any CPU
		{A506D6FF-E8B6-455A-B4B5-C90EEE6F96C8}.Debug|iPhone.ActiveCfg = Debug|Any CPU
		{A506D6FF-E8B6-455A-B4B5-C90EEE6F96C8}.Debug|iPhone.Build.0 = Debug|Any CPU
		{A506D6FF-E8B6-455A-B4B5-C90EEE6F96C8}.Debug|iPhone.Deploy.0 = Debug|Any CPU
		{A506D6FF-E8B6-455A-B4B5-C90EEE6F96C8}.Debug|iPhoneSimulator.ActiveCfg = Debug|Any CPU
		{A506D6FF-E8B6-455A-B4B5-C90EEE6F96C8}.Debug|iPhoneSimulator.Build.0 = Debug|Any CPU
		{A506D6FF-E8B6-455A-B4B5-C90EEE6F96C8}.Debug|iPhoneSimulator.Deploy.0 = Debug|Any CPU
		{A506D6FF-E8B6-455A-B4B5-C90EEE6F96C8}.Release|Any CPU.ActiveCfg = Release|Any CPU
		{A506D6FF-E8B6-455A-B4B5-C90EEE6F96C8}.Release|Any CPU.Build.0 = Release|Any CPU
		{A506D6FF-E8B6-455A-B4B5-C90EEE6F96C8}.Release|Any CPU.Deploy.0 = Release|Any CPU
		{A506D6FF-E8B6-455A-B4B5-C90EEE6F96C8}.Release|iPhone.ActiveCfg = Release|Any CPU
		{A506D6FF-E8B6-455A-B4B5-C90EEE6F96C8}.Release|iPhone.Build.0 = Release|Any CPU
		{A506D6FF-E8B6-455A-B4B5-C90EEE6F96C8}.Release|iPhone.Deploy.0 = Release|Any CPU
		{A506D6FF-E8B6-455A-B4B5-C90EEE6F96C8}.Release|iPhoneSimulator.ActiveCfg = Release|Any CPU
		{A506D6FF-E8B6-455A-B4B5-C90EEE6F96C8}.Release|iPhoneSimulator.Build.0 = Release|Any CPU
		{A506D6FF-E8B6-455A-B4B5-C90EEE6F96C8}.Release|iPhoneSimulator.Deploy.0 = Release|Any CPU
		{C71F875A-A71A-4805-BFE7-9D60AD797F1F}.Ad-Hoc|Any CPU.ActiveCfg = Release|Any CPU
		{C71F875A-A71A-4805-BFE7-9D60AD797F1F}.Ad-Hoc|Any CPU.Build.0 = Release|Any CPU
		{C71F875A-A71A-4805-BFE7-9D60AD797F1F}.Ad-Hoc|iPhone.ActiveCfg = Release|Any CPU
		{C71F875A-A71A-4805-BFE7-9D60AD797F1F}.Ad-Hoc|iPhone.Build.0 = Release|Any CPU
		{C71F875A-A71A-4805-BFE7-9D60AD797F1F}.Ad-Hoc|iPhoneSimulator.ActiveCfg = Release|Any CPU
		{C71F875A-A71A-4805-BFE7-9D60AD797F1F}.Ad-Hoc|iPhoneSimulator.Build.0 = Release|Any CPU
		{C71F875A-A71A-4805-BFE7-9D60AD797F1F}.AppStore|Any CPU.ActiveCfg = Release|Any CPU
		{C71F875A-A71A-4805-BFE7-9D60AD797F1F}.AppStore|Any CPU.Build.0 = Release|Any CPU
		{C71F875A-A71A-4805-BFE7-9D60AD797F1F}.AppStore|iPhone.ActiveCfg = Release|Any CPU
		{C71F875A-A71A-4805-BFE7-9D60AD797F1F}.AppStore|iPhone.Build.0 = Release|Any CPU
		{C71F875A-A71A-4805-BFE7-9D60AD797F1F}.AppStore|iPhoneSimulator.ActiveCfg = Release|Any CPU
		{C71F875A-A71A-4805-BFE7-9D60AD797F1F}.AppStore|iPhoneSimulator.Build.0 = Release|Any CPU
		{C71F875A-A71A-4805-BFE7-9D60AD797F1F}.Debug|Any CPU.ActiveCfg = Debug|Any CPU
		{C71F875A-A71A-4805-BFE7-9D60AD797F1F}.Debug|Any CPU.Build.0 = Debug|Any CPU
		{C71F875A-A71A-4805-BFE7-9D60AD797F1F}.Debug|iPhone.ActiveCfg = Debug|Any CPU
		{C71F875A-A71A-4805-BFE7-9D60AD797F1F}.Debug|iPhone.Build.0 = Debug|Any CPU
		{C71F875A-A71A-4805-BFE7-9D60AD797F1F}.Debug|iPhoneSimulator.ActiveCfg = Debug|Any CPU
		{C71F875A-A71A-4805-BFE7-9D60AD797F1F}.Debug|iPhoneSimulator.Build.0 = Debug|Any CPU
		{C71F875A-A71A-4805-BFE7-9D60AD797F1F}.Release|Any CPU.ActiveCfg = Release|Any CPU
		{C71F875A-A71A-4805-BFE7-9D60AD797F1F}.Release|Any CPU.Build.0 = Release|Any CPU
		{C71F875A-A71A-4805-BFE7-9D60AD797F1F}.Release|iPhone.ActiveCfg = Release|Any CPU
		{C71F875A-A71A-4805-BFE7-9D60AD797F1F}.Release|iPhone.Build.0 = Release|Any CPU
		{C71F875A-A71A-4805-BFE7-9D60AD797F1F}.Release|iPhoneSimulator.ActiveCfg = Release|Any CPU
		{C71F875A-A71A-4805-BFE7-9D60AD797F1F}.Release|iPhoneSimulator.Build.0 = Release|Any CPU
		{E23B3DE7-580D-4FDF-A68E-61E3CFEB1B7B}.Ad-Hoc|Any CPU.ActiveCfg = Release|Any CPU
		{E23B3DE7-580D-4FDF-A68E-61E3CFEB1B7B}.Ad-Hoc|Any CPU.Build.0 = Release|Any CPU
		{E23B3DE7-580D-4FDF-A68E-61E3CFEB1B7B}.Ad-Hoc|iPhone.ActiveCfg = Release|Any CPU
		{E23B3DE7-580D-4FDF-A68E-61E3CFEB1B7B}.Ad-Hoc|iPhone.Build.0 = Release|Any CPU
		{E23B3DE7-580D-4FDF-A68E-61E3CFEB1B7B}.Ad-Hoc|iPhoneSimulator.ActiveCfg = Release|Any CPU
		{E23B3DE7-580D-4FDF-A68E-61E3CFEB1B7B}.Ad-Hoc|iPhoneSimulator.Build.0 = Release|Any CPU
		{E23B3DE7-580D-4FDF-A68E-61E3CFEB1B7B}.AppStore|Any CPU.ActiveCfg = Release|Any CPU
		{E23B3DE7-580D-4FDF-A68E-61E3CFEB1B7B}.AppStore|Any CPU.Build.0 = Release|Any CPU
		{E23B3DE7-580D-4FDF-A68E-61E3CFEB1B7B}.AppStore|iPhone.ActiveCfg = Release|Any CPU
		{E23B3DE7-580D-4FDF-A68E-61E3CFEB1B7B}.AppStore|iPhone.Build.0 = Release|Any CPU
		{E23B3DE7-580D-4FDF-A68E-61E3CFEB1B7B}.AppStore|iPhoneSimulator.ActiveCfg = Release|Any CPU
		{E23B3DE7-580D-4FDF-A68E-61E3CFEB1B7B}.AppStore|iPhoneSimulator.Build.0 = Release|Any CPU
		{E23B3DE7-580D-4FDF-A68E-61E3CFEB1B7B}.Debug|Any CPU.ActiveCfg = Debug|Any CPU
		{E23B3DE7-580D-4FDF-A68E-61E3CFEB1B7B}.Debug|Any CPU.Build.0 = Debug|Any CPU
		{E23B3DE7-580D-4FDF-A68E-61E3CFEB1B7B}.Debug|iPhone.ActiveCfg = Debug|Any CPU
		{E23B3DE7-580D-4FDF-A68E-61E3CFEB1B7B}.Debug|iPhone.Build.0 = Debug|Any CPU
		{E23B3DE7-580D-4FDF-A68E-61E3CFEB1B7B}.Debug|iPhoneSimulator.ActiveCfg = Debug|Any CPU
		{E23B3DE7-580D-4FDF-A68E-61E3CFEB1B7B}.Debug|iPhoneSimulator.Build.0 = Debug|Any CPU
		{E23B3DE7-580D-4FDF-A68E-61E3CFEB1B7B}.Release|Any CPU.ActiveCfg = Release|Any CPU
		{E23B3DE7-580D-4FDF-A68E-61E3CFEB1B7B}.Release|Any CPU.Build.0 = Release|Any CPU
		{E23B3DE7-580D-4FDF-A68E-61E3CFEB1B7B}.Release|iPhone.ActiveCfg = Release|Any CPU
		{E23B3DE7-580D-4FDF-A68E-61E3CFEB1B7B}.Release|iPhone.Build.0 = Release|Any CPU
		{E23B3DE7-580D-4FDF-A68E-61E3CFEB1B7B}.Release|iPhoneSimulator.ActiveCfg = Release|Any CPU
		{E23B3DE7-580D-4FDF-A68E-61E3CFEB1B7B}.Release|iPhoneSimulator.Build.0 = Release|Any CPU
		{6822F41F-6583-401A-987A-45C8359D21B1}.Ad-Hoc|Any CPU.ActiveCfg = Release|Any CPU
		{6822F41F-6583-401A-987A-45C8359D21B1}.Ad-Hoc|Any CPU.Build.0 = Release|Any CPU
		{6822F41F-6583-401A-987A-45C8359D21B1}.Ad-Hoc|iPhone.ActiveCfg = Release|Any CPU
		{6822F41F-6583-401A-987A-45C8359D21B1}.Ad-Hoc|iPhone.Build.0 = Release|Any CPU
		{6822F41F-6583-401A-987A-45C8359D21B1}.Ad-Hoc|iPhoneSimulator.ActiveCfg = Release|Any CPU
		{6822F41F-6583-401A-987A-45C8359D21B1}.Ad-Hoc|iPhoneSimulator.Build.0 = Release|Any CPU
		{6822F41F-6583-401A-987A-45C8359D21B1}.AppStore|Any CPU.ActiveCfg = Release|Any CPU
		{6822F41F-6583-401A-987A-45C8359D21B1}.AppStore|Any CPU.Build.0 = Release|Any CPU
		{6822F41F-6583-401A-987A-45C8359D21B1}.AppStore|iPhone.ActiveCfg = Release|Any CPU
		{6822F41F-6583-401A-987A-45C8359D21B1}.AppStore|iPhone.Build.0 = Release|Any CPU
		{6822F41F-6583-401A-987A-45C8359D21B1}.AppStore|iPhoneSimulator.ActiveCfg = Release|Any CPU
		{6822F41F-6583-401A-987A-45C8359D21B1}.AppStore|iPhoneSimulator.Build.0 = Release|Any CPU
		{6822F41F-6583-401A-987A-45C8359D21B1}.Debug|Any CPU.ActiveCfg = Debug|Any CPU
		{6822F41F-6583-401A-987A-45C8359D21B1}.Debug|Any CPU.Build.0 = Debug|Any CPU
		{6822F41F-6583-401A-987A-45C8359D21B1}.Debug|iPhone.ActiveCfg = Debug|Any CPU
		{6822F41F-6583-401A-987A-45C8359D21B1}.Debug|iPhone.Build.0 = Debug|Any CPU
		{6822F41F-6583-401A-987A-45C8359D21B1}.Debug|iPhoneSimulator.ActiveCfg = Debug|Any CPU
		{6822F41F-6583-401A-987A-45C8359D21B1}.Debug|iPhoneSimulator.Build.0 = Debug|Any CPU
		{6822F41F-6583-401A-987A-45C8359D21B1}.Release|Any CPU.ActiveCfg = Release|Any CPU
		{6822F41F-6583-401A-987A-45C8359D21B1}.Release|Any CPU.Build.0 = Release|Any CPU
		{6822F41F-6583-401A-987A-45C8359D21B1}.Release|iPhone.ActiveCfg = Release|Any CPU
		{6822F41F-6583-401A-987A-45C8359D21B1}.Release|iPhone.Build.0 = Release|Any CPU
		{6822F41F-6583-401A-987A-45C8359D21B1}.Release|iPhoneSimulator.ActiveCfg = Release|Any CPU
		{6822F41F-6583-401A-987A-45C8359D21B1}.Release|iPhoneSimulator.Build.0 = Release|Any CPU
		{E92CB79F-FA8B-4939-BE0A-A44B37665EF0}.Ad-Hoc|Any CPU.ActiveCfg = Release|Any CPU
		{E92CB79F-FA8B-4939-BE0A-A44B37665EF0}.Ad-Hoc|Any CPU.Build.0 = Release|Any CPU
		{E92CB79F-FA8B-4939-BE0A-A44B37665EF0}.Ad-Hoc|iPhone.ActiveCfg = Release|Any CPU
		{E92CB79F-FA8B-4939-BE0A-A44B37665EF0}.Ad-Hoc|iPhone.Build.0 = Release|Any CPU
		{E92CB79F-FA8B-4939-BE0A-A44B37665EF0}.Ad-Hoc|iPhoneSimulator.ActiveCfg = Release|Any CPU
		{E92CB79F-FA8B-4939-BE0A-A44B37665EF0}.Ad-Hoc|iPhoneSimulator.Build.0 = Release|Any CPU
		{E92CB79F-FA8B-4939-BE0A-A44B37665EF0}.AppStore|Any CPU.ActiveCfg = Release|Any CPU
		{E92CB79F-FA8B-4939-BE0A-A44B37665EF0}.AppStore|Any CPU.Build.0 = Release|Any CPU
		{E92CB79F-FA8B-4939-BE0A-A44B37665EF0}.AppStore|iPhone.ActiveCfg = Release|Any CPU
		{E92CB79F-FA8B-4939-BE0A-A44B37665EF0}.AppStore|iPhone.Build.0 = Release|Any CPU
		{E92CB79F-FA8B-4939-BE0A-A44B37665EF0}.AppStore|iPhoneSimulator.ActiveCfg = Release|Any CPU
		{E92CB79F-FA8B-4939-BE0A-A44B37665EF0}.AppStore|iPhoneSimulator.Build.0 = Release|Any CPU
		{E92CB79F-FA8B-4939-BE0A-A44B37665EF0}.Debug|Any CPU.ActiveCfg = Debug|Any CPU
		{E92CB79F-FA8B-4939-BE0A-A44B37665EF0}.Debug|Any CPU.Build.0 = Debug|Any CPU
		{E92CB79F-FA8B-4939-BE0A-A44B37665EF0}.Debug|iPhone.ActiveCfg = Debug|Any CPU
		{E92CB79F-FA8B-4939-BE0A-A44B37665EF0}.Debug|iPhone.Build.0 = Debug|Any CPU
		{E92CB79F-FA8B-4939-BE0A-A44B37665EF0}.Debug|iPhoneSimulator.ActiveCfg = Debug|Any CPU
		{E92CB79F-FA8B-4939-BE0A-A44B37665EF0}.Debug|iPhoneSimulator.Build.0 = Debug|Any CPU
		{E92CB79F-FA8B-4939-BE0A-A44B37665EF0}.Release|Any CPU.ActiveCfg = Release|Any CPU
		{E92CB79F-FA8B-4939-BE0A-A44B37665EF0}.Release|Any CPU.Build.0 = Release|Any CPU
		{E92CB79F-FA8B-4939-BE0A-A44B37665EF0}.Release|iPhone.ActiveCfg = Release|Any CPU
		{E92CB79F-FA8B-4939-BE0A-A44B37665EF0}.Release|iPhone.Build.0 = Release|Any CPU
		{E92CB79F-FA8B-4939-BE0A-A44B37665EF0}.Release|iPhoneSimulator.ActiveCfg = Release|Any CPU
		{E92CB79F-FA8B-4939-BE0A-A44B37665EF0}.Release|iPhoneSimulator.Build.0 = Release|Any CPU
	EndGlobalSection
	GlobalSection(SolutionProperties) = preSolution
		HideSolutionNode = FALSE
	EndGlobalSection
	GlobalSection(ExtensibilityGlobals) = postSolution
		SolutionGuid = {5EE7CCB3-D85A-4ABF-9904-6673553203BD}
	EndGlobalSection
EndGlobal
